github.com/dknight/gops v1.0.4 h1:+vMecTaRrEySZNI5JJ2D7uCrxs/P6UqFm0vZFlzlGgQ=
github.com/dknight/gops v1.0.4/go.mod h1:YHEX+2y5IpItXYBe0fMKIB9awriEIIjMYM8nqtn1i18=
github.com/dknight/gops v1.0.5 h1:g+8EDWzh+XAjOvuMjpFrr1E9+xcjKaLJiGHi7iEE5dI=
github.com/dknight/gops v1.0.5/go.mod h1:YHEX+2y5IpItXYBe0fMKIB9awriEIIjMYM8nqtn1i18=
github.com/dknight/gops v1.0.6 h1:CtQYn5xFgn2yPTNZNijdUXxQ2/uHYFrJ9nCtMrZ/OBI=
github.com/dknight/gops v1.0.6/go.mod h1:YHEX+2y5IpItXYBe0fMKIB9awriEIIjMYM8nqtn1i18=
